
Microsoft Visual Studio Solution File, Format Version 12.00
# Visual Studio 15
VisualStudioVersion = 15.0.26403.7
MinimumVisualStudioVersion = 10.0.40219.1
Project("{FAE04EC0-301F-11D3-BF4B-00C04F79EFBC}") = "Framework", "DRFosterAutomationFramework\Framework.csproj", "{18FBF6D7-4F2C-485A-992E-EE0482E10B99}"
EndProject
Project("{FAE04EC0-301F-11D3-BF4B-00C04F79EFBC}") = "HUBAutomationTests", "HUBAutomationTests\HUBAutomationTests.csproj", "{3BE69322-F444-46F8-89C3-4842EF0F218C}"
EndProject
Project("{2150E333-8FDC-42A3-9474-1A3956D46DE8}") = "Solution Items", "Solution Items", "{06FDE51D-FA47-473B-A971-7C65044E1A5F}"
	ProjectSection(SolutionItems) = preProject
		ChangeNotes.txt = ChangeNotes.txt
	EndProjectSection
EndProject
Project("{FAE04EC0-301F-11D3-BF4B-00C04F79EFBC}") = "ArcAutomationTests", "HIPAutomationTests\ArcAutomationTests.csproj", "{905A6AFE-E363-4EBE-A8E4-6667D56D67E1}"
EndProject
Project("{FAE04EC0-301F-11D3-BF4B-00C04F79EFBC}") = "PageObjects_ARC", "\\clarksons.co.uk\fr\EMEA1\gshm\My Documents\Visual Studio 2017\Projects\PageObjects_ARC\PageObjects_ARC\PageObjects_ARC.csproj", "{0A86A5E9-E5A1-4021-B010-48E8445402E2}"
EndProject
Project("{FAE04EC0-301F-11D3-BF4B-00C04F79EFBC}") = "UnitTestProject3", "\\clarksons.co.uk\fr\EMEA1\gshm\My Documents\Visual Studio 2017\Projects\PageObjects_ARC\UnitTestProject3\UnitTestProject3.csproj", "{31EA94EF-0219-48E0-B656-E2898B45EE36}"
EndProject
Global
	GlobalSection(SolutionConfigurationPlatforms) = preSolution
		Debug|Any CPU = Debug|Any CPU
		Release|Any CPU = Release|Any CPU
	EndGlobalSection
	GlobalSection(ProjectConfigurationPlatforms) = postSolution
		{18FBF6D7-4F2C-485A-992E-EE0482E10B99}.Debug|Any CPU.ActiveCfg = Debug|Any CPU
		{18FBF6D7-4F2C-485A-992E-EE0482E10B99}.Debug|Any CPU.Build.0 = Debug|Any CPU
		{18FBF6D7-4F2C-485A-992E-EE0482E10B99}.Release|Any CPU.ActiveCfg = Release|Any CPU
		{18FBF6D7-4F2C-485A-992E-EE0482E10B99}.Release|Any CPU.Build.0 = Release|Any CPU
		{3BE69322-F444-46F8-89C3-4842EF0F218C}.Debug|Any CPU.ActiveCfg = Debug|Any CPU
		{3BE69322-F444-46F8-89C3-4842EF0F218C}.Debug|Any CPU.Build.0 = Debug|Any CPU
		{3BE69322-F444-46F8-89C3-4842EF0F218C}.Release|Any CPU.ActiveCfg = Release|Any CPU
		{3BE69322-F444-46F8-89C3-4842EF0F218C}.Release|Any CPU.Build.0 = Release|Any CPU
		{905A6AFE-E363-4EBE-A8E4-6667D56D67E1}.Debug|Any CPU.ActiveCfg = Debug|Any CPU
		{905A6AFE-E363-4EBE-A8E4-6667D56D67E1}.Debug|Any CPU.Build.0 = Debug|Any CPU
		{905A6AFE-E363-4EBE-A8E4-6667D56D67E1}.Release|Any CPU.ActiveCfg = Release|Any CPU
		{905A6AFE-E363-4EBE-A8E4-6667D56D67E1}.Release|Any CPU.Build.0 = Release|Any CPU
		{0A86A5E9-E5A1-4021-B010-48E8445402E2}.Debug|Any CPU.ActiveCfg = Debug|Any CPU
		{0A86A5E9-E5A1-4021-B010-48E8445402E2}.Debug|Any CPU.Build.0 = Debug|Any CPU
		{0A86A5E9-E5A1-4021-B010-48E8445402E2}.Release|Any CPU.ActiveCfg = Release|Any CPU
		{0A86A5E9-E5A1-4021-B010-48E8445402E2}.Release|Any CPU.Build.0 = Release|Any CPU
		{31EA94EF-0219-48E0-B656-E2898B45EE36}.Debug|Any CPU.ActiveCfg = Debug|Any CPU
		{31EA94EF-0219-48E0-B656-E2898B45EE36}.Debug|Any CPU.Build.0 = Debug|Any CPU
		{31EA94EF-0219-48E0-B656-E2898B45EE36}.Release|Any CPU.ActiveCfg = Release|Any CPU
		{31EA94EF-0219-48E0-B656-E2898B45EE36}.Release|Any CPU.Build.0 = Release|Any CPU
	EndGlobalSection
	GlobalSection(SolutionProperties) = preSolution
		HideSolutionNode = FALSE
	EndGlobalSection
EndGlobal
